// !$*UTF8*$!
{
	archiveVersion = 1;
	classes = {
	};
	objectVersion = 46;
	objects = {

/* Begin PBXBuildFile section */
		B9C8E1C01A24FDE900C5BF33 /* AppDelegate.swift in Sources */ = {isa = PBXBuildFile; fileRef = B9C8E1BF1A24FDE900C5BF33 /* AppDelegate.swift */; };
		B9C8E1C21A24FDE900C5BF33 /* RootViewController.swift in Sources */ = {isa = PBXBuildFile; fileRef = B9C8E1C11A24FDE900C5BF33 /* RootViewController.swift */; };
		B9C8E1C41A24FDE900C5BF33 /* DataViewController.swift in Sources */ = {isa = PBXBuildFile; fileRef = B9C8E1C31A24FDE900C5BF33 /* DataViewController.swift */; };
		B9C8E1C61A24FDE900C5BF33 /* ModelController.swift in Sources */ = {isa = PBXBuildFile; fileRef = B9C8E1C51A24FDE900C5BF33 /* ModelController.swift */; };
		B9C8E1C91A24FDE900C5BF33 /* Main.storyboard in Resources */ = {isa = PBXBuildFile; fileRef = B9C8E1C71A24FDE900C5BF33 /* Main.storyboard */; };
		B9C8E1CB1A24FDE900C5BF33 /* Images.xcassets in Resources */ = {isa = PBXBuildFile; fileRef = B9C8E1CA1A24FDE900C5BF33 /* Images.xcassets */; };
		B9C8E1D71A24FDE900C5BF33 /* RoostsyTests.swift in Sources */ = {isa = PBXBuildFile; fileRef = B9C8E1D61A24FDE900C5BF33 /* RoostsyTests.swift */; };
/* End PBXBuildFile section */

/* Begin PBXContainerItemProxy section */
		B9C8E1D11A24FDE900C5BF33 /* PBXContainerItemProxy */ = {
			isa = PBXContainerItemProxy;
			containerPortal = B9C8E1B21A24FDE900C5BF33 /* Project object */;
			proxyType = 1;
			remoteGlobalIDString = B9C8E1B91A24FDE900C5BF33;
			remoteInfo = Roostsy;
		};
/* End PBXContainerItemProxy section */

/* Begin PBXFileReference section */
		B9C8E1BA1A24FDE900C5BF33 /* Roostsy.app */ = {isa = PBXFileReference; explicitFileType = wrapper.application; includeInIndex = 0; path = Roostsy.app; sourceTree = BUILT_PRODUCTS_DIR; };
		B9C8E1BE1A24FDE900C5BF33 /* Info.plist */ = {isa = PBXFileReference; lastKnownFileType = text.plist.xml; path = Info.plist; sourceTree = "<group>"; };
		B9C8E1BF1A24FDE900C5BF33 /* AppDelegate.swift */ = {isa = PBXFileReference; lastKnownFileType = sourcecode.swift; path = AppDelegate.swift; sourceTree = "<group>"; };
		B9C8E1C11A24FDE900C5BF33 /* RootViewController.swift */ = {isa = PBXFileReference; lastKnownFileType = sourcecode.swift; path = RootViewController.swift; sourceTree = "<group>"; };
		B9C8E1C31A24FDE900C5BF33 /* DataViewController.swift */ = {isa = PBXFileReference; lastKnownFileType = sourcecode.swift; path = DataViewController.swift; sourceTree = "<group>"; };
		B9C8E1C51A24FDE900C5BF33 /* ModelController.swift */ = {isa = PBXFileReference; lastKnownFileType = sourcecode.swift; path = ModelController.swift; sourceTree = "<group>"; };
		B9C8E1C81A24FDE900C5BF33 /* Base */ = {isa = PBXFileReference; lastKnownFileType = file.storyboard; name = Base; path = Base.lproj/Main.storyboard; sourceTree = "<group>"; };
		B9C8E1CA1A24FDE900C5BF33 /* Images.xcassets */ = {isa = PBXFileReference; lastKnownFileType = folder.assetcatalog; path = Images.xcassets; sourceTree = "<group>"; };
		B9C8E1D01A24FDE900C5BF33 /* RoostsyTests.xctest */ = {isa = PBXFileReference; explicitFileType = wrapper.cfbundle; includeInIndex = 0; path = RoostsyTests.xctest; sourceTree = BUILT_PRODUCTS_DIR; };
		B9C8E1D51A24FDE900C5BF33 /* Info.plist */ = {isa = PBXFileReference; lastKnownFileType = text.plist.xml; path = Info.plist; sourceTree = "<group>"; };
		B9C8E1D61A24FDE900C5BF33 /* RoostsyTests.swift */ = {isa = PBXFileReference; lastKnownFileType = sourcecode.swift; path = RoostsyTests.swift; sourceTree = "<group>"; };
/* End PBXFileReference section */

/* Begin PBXFrameworksBuildPhase section */
		B9C8E1B71A24FDE900C5BF33 /* Frameworks */ = {
			isa = PBXFrameworksBuildPhase;
			buildActionMask = 2147483647;
			files = (
			);
			runOnlyForDeploymentPostprocessing = 0;
		};
		B9C8E1CD1A24FDE900C5BF33 /* Frameworks */ = {
			isa = PBXFrameworksBuildPhase;
			buildActionMask = 2147483647;
			files = (
			);
			runOnlyForDeploymentPostprocessing = 0;
		};
/* End PBXFrameworksBuildPhase section */

/* Begin PBXGroup section */
		B9C8E1B11A24FDE900C5BF33 = {
			isa = PBXGroup;
			children = (
				B9C8E1BC1A24FDE900C5BF33 /* Roostsy */,
				B9C8E1D31A24FDE900C5BF33 /* RoostsyTests */,
				B9C8E1BB1A24FDE900C5BF33 /* Products */,
			);
			sourceTree = "<group>";
		};
		B9C8E1BB1A24FDE900C5BF33 /* Products */ = {
			isa = PBXGroup;
			children = (
				B9C8E1BA1A24FDE900C5BF33 /* Roostsy.app */,
				B9C8E1D01A24FDE900C5BF33 /* RoostsyTests.xctest */,
			);
			name = Products;
			sourceTree = "<group>";
		};
		B9C8E1BC1A24FDE900C5BF33 /* Roostsy */ = {
			isa = PBXGroup;
			children = (
				B9C8E1BF1A24FDE900C5BF33 /* AppDelegate.swift */,
				B9C8E1C11A24FDE900C5BF33 /* RootViewController.swift */,
				B9C8E1C31A24FDE900C5BF33 /* DataViewController.swift */,
				B9C8E1C51A24FDE900C5BF33 /* ModelController.swift */,
				B9C8E1C71A24FDE900C5BF33 /* Main.storyboard */,
				B9C8E1CA1A24FDE900C5BF33 /* Images.xcassets */,
				B9C8E1BD1A24FDE900C5BF33 /* Supporting Files */,
			);
			path = Roostsy;
			sourceTree = "<group>";
		};
		B9C8E1BD1A24FDE900C5BF33 /* Supporting Files */ = {
			isa = PBXGroup;
			children = (
				B9C8E1BE1A24FDE900C5BF33 /* Info.plist */,
			);
			name = "Supporting Files";
			sourceTree = "<group>";
		};
		B9C8E1D31A24FDE900C5BF33 /* RoostsyTests */ = {
			isa = PBXGroup;
			children = (
				B9C8E1D61A24FDE900C5BF33 /* RoostsyTests.swift */,
				B9C8E1D41A24FDE900C5BF33 /* Supporting Files */,
			);
			path = RoostsyTests;
			sourceTree = "<group>";
		};
		B9C8E1D41A24FDE900C5BF33 /* Supporting Files */ = {
			isa = PBXGroup;
			children = (
				B9C8E1D51A24FDE900C5BF33 /* Info.plist */,
			);
			name = "Supporting Files";
			sourceTree = "<group>";
		};
/* End PBXGroup section */

/* Begin PBXNativeTarget section */
		B9C8E1B91A24FDE900C5BF33 /* Roostsy */ = {
			isa = PBXNativeTarget;
			buildConfigurationList = B9C8E1DA1A24FDE900C5BF33 /* Build configuration list for PBXNativeTarget "Roostsy" */;
			buildPhases = (
				B9C8E1B61A24FDE900C5BF33 /* Sources */,
				B9C8E1B71A24FDE900C5BF33 /* Frameworks */,
				B9C8E1B81A24FDE900C5BF33 /* Resources */,
			);
			buildRules = (
			);
			dependencies = (
			);
			name = Roostsy;
			productName = Roostsy;
			productReference = B9C8E1BA1A24FDE900C5BF33 /* Roostsy.app */;
			productType = "com.apple.product-type.application";
		};
		B9C8E1CF1A24FDE900C5BF33 /* RoostsyTests */ = {
			isa = PBXNativeTarget;
			buildConfigurationList = B9C8E1DD1A24FDE900C5BF33 /* Build configuration list for PBXNativeTarget "RoostsyTests" */;
			buildPhases = (
				B9C8E1CC1A24FDE900C5BF33 /* Sources */,
				B9C8E1CD1A24FDE900C5BF33 /* Frameworks */,
				B9C8E1CE1A24FDE900C5BF33 /* Resources */,
			);
			buildRules = (
			);
			dependencies = (
				B9C8E1D21A24FDE900C5BF33 /* PBXTargetDependency */,
			);
			name = RoostsyTests;
			productName = RoostsyTests;
			productReference = B9C8E1D01A24FDE900C5BF33 /* RoostsyTests.xctest */;
			productType = "com.apple.product-type.bundle.unit-test";
		};
/* End PBXNativeTarget section */

/* Begin PBXProject section */
		B9C8E1B21A24FDE900C5BF33 /* Project object */ = {
			isa = PBXProject;
			attributes = {
				LastUpgradeCheck = 0600;
				ORGANIZATIONNAME = roostsy.com;
				TargetAttributes = {
					B9C8E1B91A24FDE900C5BF33 = {
						CreatedOnToolsVersion = 6.0;
					};
					B9C8E1CF1A24FDE900C5BF33 = {
						CreatedOnToolsVersion = 6.0;
						TestTargetID = B9C8E1B91A24FDE900C5BF33;
					};
				};
			};
			buildConfigurationList = B9C8E1B51A24FDE900C5BF33 /* Build configuration list for PBXProject "Roostsy" */;
			compatibilityVersion = "Xcode 3.2";
			developmentRegion = English;
			hasScannedForEncodings = 0;
			knownRegions = (
				en,
				Base,
			);
			mainGroup = B9C8E1B11A24FDE900C5BF33;
			productRefGroup = B9C8E1BB1A24FDE900C5BF33 /* Products */;
			projectDirPath = "";
			projectRoot = "";
			targets = (
				B9C8E1B91A24FDE900C5BF33 /* Roostsy */,
				B9C8E1CF1A24FDE900C5BF33 /* RoostsyTests */,
			);
		};
/* End PBXProject section */

/* Begin PBXResourcesBuildPhase section */
		B9C8E1B81A24FDE900C5BF33 /* Resources */ = {
			isa = PBXResourcesBuildPhase;
			buildActionMask = 2147483647;
			files = (
				B9C8E1C91A24FDE900C5BF33 /* Main.storyboard in Resources */,
				B9C8E1CB1A24FDE900C5BF33 /* Images.xcassets in Resources */,
			);
			runOnlyForDeploymentPostprocessing = 0;
		};
		B9C8E1CE1A24FDE900C5BF33 /* Resources */ = {
			isa = PBXResourcesBuildPhase;
			buildActionMask = 2147483647;
			files = (
			);
			runOnlyForDeploymentPostprocessing = 0;
		};
/* End PBXResourcesBuildPhase section */

/* Begin PBXSourcesBuildPhase section */
		B9C8E1B61A24FDE900C5BF33 /* Sources */ = {
			isa = PBXSourcesBuildPhase;
			buildActionMask = 2147483647;
			files = (
				B9C8E1C21A24FDE900C5BF33 /* RootViewController.swift in Sources */,
				B9C8E1C61A24FDE900C5BF33 /* ModelController.swift in Sources */,
				B9C8E1C41A24FDE900C5BF33 /* DataViewController.swift in Sources */,
				B9C8E1C01A24FDE900C5BF33 /* AppDelegate.swift in Sources */,
			);
			runOnlyForDeploymentPostprocessing = 0;
		};
		B9C8E1CC1A24FDE900C5BF33 /* Sources */ = {
			isa = PBXSourcesBuildPhase;
			buildActionMask = 2147483647;
			files = (
				B9C8E1D71A24FDE900C5BF33 /* RoostsyTests.swift in Sources */,
			);
			runOnlyForDeploymentPostprocessing = 0;
		};
/* End PBXSourcesBuildPhase section */

/* Begin PBXTargetDependency section */
		B9C8E1D21A24FDE900C5BF33 /* PBXTargetDependency */ = {
			isa = PBXTargetDependency;
			target = B9C8E1B91A24FDE900C5BF33 /* Roostsy */;
			targetProxy = B9C8E1D11A24FDE900C5BF33 /* PBXContainerItemProxy */;
		};
/* End PBXTargetDependency section */

/* Begin PBXVariantGroup section */
		B9C8E1C71A24FDE900C5BF33 /* Main.storyboard */ = {
			isa = PBXVariantGroup;
			children = (
				B9C8E1C81A24FDE900C5BF33 /* Base */,
			);
			name = Main.storyboard;
			sourceTree = "<group>";
		};
/* End PBXVariantGroup section */

/* Begin XCBuildConfiguration section */
		B9C8E1D81A24FDE900C5BF33 /* Debug */ = {
			isa = XCBuildConfiguration;
			buildSettings = {
				ALWAYS_SEARCH_USER_PATHS = NO;
				CLANG_CXX_LANGUAGE_STANDARD = "gnu++0x";
				CLANG_CXX_LIBRARY = "libc++";
				CLANG_ENABLE_MODULES = YES;
				CLANG_ENABLE_OBJC_ARC = YES;
				CLANG_WARN_BOOL_CONVERSION = YES;
				CLANG_WARN_CONSTANT_CONVERSION = YES;
				CLANG_WARN_DIRECT_OBJC_ISA_USAGE = YES_ERROR;
				CLANG_WARN_EMPTY_BODY = YES;
				CLANG_WARN_ENUM_CONVERSION = YES;
				CLANG_WARN_INT_CONVERSION = YES;
				CLANG_WARN_OBJC_ROOT_CLASS = YES_ERROR;
				CLANG_WARN_UNREACHABLE_CODE = YES;
				CLANG_WARN__DUPLICATE_METHOD_MATCH = YES;
				"CODE_SIGN_IDENTITY[sdk=iphoneos*]" = "iPhone Developer";
				COPY_PHASE_STRIP = NO;
				ENABLE_STRICT_OBJC_MSGSEND = YES;
				GCC_C_LANGUAGE_STANDARD = gnu99;
				GCC_DYNAMIC_NO_PIC = NO;
				GCC_OPTIMIZATION_LEVEL = 0;
				GCC_PREPROCESSOR_DEFINITIONS = (
					"DEBUG=1",
					"$(inherited)",
				);
				GCC_SYMBOLS_PRIVATE_EXTERN = NO;
				GCC_WARN_64_TO_32_BIT_CONVERSION = YES;
				GCC_WARN_ABOUT_RETURN_TYPE = YES_ERROR;
				GCC_WARN_UNDECLARED_SELECTOR = YES;
				GCC_WARN_UNINITIALIZED_AUTOS = YES_AGGRESSIVE;
				GCC_WARN_UNUSED_FUNCTION = YES;
				GCC_WARN_UNUSED_VARIABLE = YES;
				IPHONEOS_DEPLOYMENT_TARGET = 8.0;
				MTL_ENABLE_DEBUG_INFO = YES;
				ONLY_ACTIVE_ARCH = YES;
				SDKROOT = iphoneos;
				SWIFT_OPTIMIZATION_LEVEL = "-Onone";
			};
			name = Debug;
		};
		B9C8E1D91A24FDE900C5BF33 /* Release */ = {
			isa = XCBuildConfiguration;
			buildSettings = {
				ALWAYS_SEARCH_USER_PATHS = NO;
				CLANG_CXX_LANGUAGE_STANDARD = "gnu++0x";
				CLANG_CXX_LIBRARY = "libc++";
				CLANG_ENABLE_MODULES = YES;
				CLANG_ENABLE_OBJC_ARC = YES;
				CLANG_WARN_BOOL_CONVERSION = YES;
				CLANG_WARN_CONSTANT_CONVERSION = YES;
				CLANG_WARN_DIRECT_OBJC_ISA_USAGE = YES_ERROR;
				CLANG_WARN_EMPTY_BODY = YES;
				CLANG_WARN_ENUM_CONVERSION = YES;
				CLANG_WARN_INT_CONVERSION = YES;
				CLANG_WARN_OBJC_ROOT_CLASS = YES_ERROR;
				CLANG_WARN_UNREACHABLE_CODE = YES;
				CLANG_WARN__DUPLICATE_METHOD_MATCH = YES;
				"CODE_SIGN_IDENTITY[sdk=iphoneos*]" = "iPhone Developer";
				COPY_PHASE_STRIP = YES;
				ENABLE_NS_ASSERTIONS = NO;
				ENABLE_STRICT_OBJC_MSGSEND = YES;
				GCC_C_LANGUAGE_STANDARD = gnu99;
				GCC_WARN_64_TO_32_BIT_CONVERSION = YES;
				GCC_WARN_ABOUT_RETURN_TYPE = YES_ERROR;
				GCC_WARN_UNDECLARED_SELECTOR = YES;
				GCC_WARN_UNINITIALIZED_AUTOS = YES_AGGRESSIVE;
				GCC_WARN_UNUSED_FUNCTION = YES;
				GCC_WARN_UNUSED_VARIABLE = YES;
				IPHONEOS_DEPLOYMENT_TARGET = 8.0;
				MTL_ENABLE_DEBUG_INFO = NO;
				SDKROOT = iphoneos;
				VALIDATE_PRODUCT = YES;
			};
			name = Release;
		};
		B9C8E1DB1A24FDE900C5BF33 /* Debug */ = {
			isa = XCBuildConfiguration;
			buildSettings = {
				ASSETCATALOG_COMPILER_APPICON_NAME = AppIcon;
				ASSETCATALOG_COMPILER_LAUNCHIMAGE_NAME = LaunchImage;
				INFOPLIST_FILE = Roostsy/Info.plist;
				LD_RUNPATH_SEARCH_PATHS = "$(inherited) @executable_path/Frameworks";
				PRODUCT_NAME = "$(TARGET_NAME)";
			};
			name = Debug;
		};
		B9C8E1DC1A24FDE900C5BF33 /* Release */ = {
			isa = XCBuildConfiguration;
			buildSettings = {
				ASSETCATALOG_COMPILER_APPICON_NAME = AppIcon;
				ASSETCATALOG_COMPILER_LAUNCHIMAGE_NAME = LaunchImage;
				INFOPLIST_FILE = Roostsy/Info.plist;
				LD_RUNPATH_SEARCH_PATHS = "$(inherited) @executable_path/Frameworks";
				PRODUCT_NAME = "$(TARGET_NAME)";
			};
			name = Release;
		};
		B9C8E1DE1A24FDE900C5BF33 /* Debug */ = {
			isa = XCBuildConfiguration;
			buildSettings = {
				BUNDLE_LOADER = "$(TEST_HOST)";
				FRAMEWORK_SEARCH_PATHS = (
					"$(SDKROOT)/Developer/Library/Frameworks",
					"$(inherited)",
				);
				GCC_PREPROCESSOR_DEFINITIONS = (
					"DEBUG=1",
					"$(inherited)",
				);
				INFOPLIST_FILE = RoostsyTests/Info.plist;
				LD_RUNPATH_SEARCH_PATHS = "$(inherited) @executable_path/Frameworks @loader_path/Frameworks";
				PRODUCT_NAME = "$(TARGET_NAME)";
				TEST_HOST = "$(BUILT_PRODUCTS_DIR)/Roostsy.app/Roostsy";
			};
			name = Debug;
		};
		B9C8E1DF1A24FDE900C5BF33 /* Release */ = {
			isa = XCBuildConfiguration;
			buildSettings = {
				BUNDLE_LOADER = "$(TEST_HOST)";
				FRAMEWORK_SEARCH_PATHS = (
					"$(SDKROOT)/Developer/Library/Frameworks",
					"$(inherited)",
				);
				INFOPLIST_FILE = RoostsyTests/Info.plist;
				LD_RUNPATH_SEARCH_PATHS = "$(inherited) @executable_path/Frameworks @loader_path/Frameworks";
				PRODUCT_NAME = "$(TARGET_NAME)";
				TEST_HOST = "$(BUILT_PRODUCTS_DIR)/Roostsy.app/Roostsy";
			};
			name = Release;
		};
/* End XCBuildConfiguration section */

/* Begin XCConfigurationList section */
		B9C8E1B51A24FDE900C5BF33 /* Build configuration list for PBXProject "Roostsy" */ = {
			isa = XCConfigurationList;
			buildConfigurations = (
				B9C8E1D81A24FDE900C5BF33 /* Debug */,
				B9C8E1D91A24FDE900C5BF33 /* Release */,
			);
			defaultConfigurationIsVisible = 0;
			defaultConfigurationName = Release;
		};
		B9C8E1DA1A24FDE900C5BF33 /* Build configuration list for PBXNativeTarget "Roostsy" */ = {
			isa = XCConfigurationList;
			buildConfigurations = (
				B9C8E1DB1A24FDE900C5BF33 /* Debug */,
				B9C8E1DC1A24FDE900C5BF33 /* Release */,
			);
			defaultConfigurationIsVisible = 0;
		};
		B9C8E1DD1A24FDE900C5BF33 /* Build configuration list for PBXNativeTarget "RoostsyTests" */ = {
			isa = XCConfigurationList;
			buildConfigurations = (
				B9C8E1DE1A24FDE900C5BF33 /* Debug */,
				B9C8E1DF1A24FDE900C5BF33 /* Release */,
			);
			defaultConfigurationIsVisible = 0;
		};
/* End XCConfigurationList section */
	};
	rootObject = B9C8E1B21A24FDE900C5BF33 /* Project object */;
}
